
Microsoft Visual Studio Solution File, Format Version 12.00
# Visual Studio 15
VisualStudioVersion = 15.0.27703.2035
MinimumVisualStudioVersion = 10.0.40219.1
Project("{FAE04EC0-301F-11D3-BF4B-00C04F79EFBC}") = "CreateClass", "CreateClass\CreateClass.csproj", "{FDFE16D9-E4E2-4693-8120-8671241659AD}"
EndProject
Project("{FAE04EC0-301F-11D3-BF4B-00C04F79EFBC}") = "SortString", "SortString\SortString.csproj", "{346A6BCB-84AB-4BB4-8D1A-F0B03C1C8A26}"
EndProject
Global
	GlobalSection(SolutionConfigurationPlatforms) = preSolution
		Debug|Any CPU = Debug|Any CPU
		Release|Any CPU = Release|Any CPU
	EndGlobalSection
	GlobalSection(ProjectConfigurationPlatforms) = postSolution
		{FDFE16D9-E4E2-4693-8120-8671241659AD}.Debug|Any CPU.ActiveCfg = Debug|Any CPU
		{FDFE16D9-E4E2-4693-8120-8671241659AD}.Debug|Any CPU.Build.0 = Debug|Any CPU
		{FDFE16D9-E4E2-4693-8120-8671241659AD}.Release|Any CPU.ActiveCfg = Release|Any CPU
		{FDFE16D9-E4E2-4693-8120-8671241659AD}.Release|Any CPU.Build.0 = Release|Any CPU
		{346A6BCB-84AB-4BB4-8D1A-F0B03C1C8A26}.Debug|Any CPU.ActiveCfg = Debug|Any CPU
		{346A6BCB-84AB-4BB4-8D1A-F0B03C1C8A26}.Debug|Any CPU.Build.0 = Debug|Any CPU
		{346A6BCB-84AB-4BB4-8D1A-F0B03C1C8A26}.Release|Any CPU.ActiveCfg = Release|Any CPU
		{346A6BCB-84AB-4BB4-8D1A-F0B03C1C8A26}.Release|Any CPU.Build.0 = Release|Any CPU
	EndGlobalSection
	GlobalSection(SolutionProperties) = preSolution
		HideSolutionNode = FALSE
	EndGlobalSection
	GlobalSection(ExtensibilityGlobals) = postSolution
		SolutionGuid = {3C1E5C1F-0E0B-415F-9142-EBB3DDA7AC58}
	EndGlobalSection
EndGlobal
